
Microsoft Visual Studio Solution File, Format Version 12.00
# Visual Studio Version 16
VisualStudioVersion = 16.0.31019.35
MinimumVisualStudioVersion = 10.0.40219.1
Project("{9A19103F-16F7-4668-BE54-9A1E7A4F7556}") = "oop2", "oop2\oop2.csproj", "{11580526-3432-467F-8CDD-CE1A3053390D}"
EndProject
Project("{9A19103F-16F7-4668-BE54-9A1E7A4F7556}") = "oop3", "oop3\oop3.csproj", "{06C7875C-7185-4B90-ABE1-ADFF2AE1E84E}"
EndProject
Project("{9A19103F-16F7-4668-BE54-9A1E7A4F7556}") = "json, xml", "json, xml\json, xml.csproj", "{0BF7F886-2F75-46A8-845A-CDA361908493}"
EndProject
Global
	GlobalSection(SolutionConfigurationPlatforms) = preSolution
		Debug|Any CPU = Debug|Any CPU
		Release|Any CPU = Release|Any CPU
	EndGlobalSection
	GlobalSection(ProjectConfigurationPlatforms) = postSolution
		{11580526-3432-467F-8CDD-CE1A3053390D}.Debug|Any CPU.ActiveCfg = Debug|Any CPU
		{11580526-3432-467F-8CDD-CE1A3053390D}.Debug|Any CPU.Build.0 = Debug|Any CPU
		{11580526-3432-467F-8CDD-CE1A3053390D}.Release|Any CPU.ActiveCfg = Release|Any CPU
		{11580526-3432-467F-8CDD-CE1A3053390D}.Release|Any CPU.Build.0 = Release|Any CPU
		{06C7875C-7185-4B90-ABE1-ADFF2AE1E84E}.Debug|Any CPU.ActiveCfg = Debug|Any CPU
		{06C7875C-7185-4B90-ABE1-ADFF2AE1E84E}.Debug|Any CPU.Build.0 = Debug|Any CPU
		{06C7875C-7185-4B90-ABE1-ADFF2AE1E84E}.Release|Any CPU.ActiveCfg = Release|Any CPU
		{06C7875C-7185-4B90-ABE1-ADFF2AE1E84E}.Release|Any CPU.Build.0 = Release|Any CPU
		{0BF7F886-2F75-46A8-845A-CDA361908493}.Debug|Any CPU.ActiveCfg = Debug|Any CPU
		{0BF7F886-2F75-46A8-845A-CDA361908493}.Debug|Any CPU.Build.0 = Debug|Any CPU
		{0BF7F886-2F75-46A8-845A-CDA361908493}.Release|Any CPU.ActiveCfg = Release|Any CPU
		{0BF7F886-2F75-46A8-845A-CDA361908493}.Release|Any CPU.Build.0 = Release|Any CPU
	EndGlobalSection
	GlobalSection(SolutionProperties) = preSolution
		HideSolutionNode = FALSE
	EndGlobalSection
	GlobalSection(ExtensibilityGlobals) = postSolution
		SolutionGuid = {CB0CB776-B311-41E7-8A57-C330EACF2CB5}
	EndGlobalSection
EndGlobal
