
Microsoft Visual Studio Solution File, Format Version 12.00
# Visual Studio Version 16
VisualStudioVersion = 16.0.31019.35
MinimumVisualStudioVersion = 10.0.40219.1
Project("{FAE04EC0-301F-11D3-BF4B-00C04F79EFBC}") = "looping 1", "looping 1\looping 1.csproj", "{75E13703-CCDD-4052-A3EE-F5A4B79DB385}"
EndProject
Global
	GlobalSection(SolutionConfigurationPlatforms) = preSolution
		Debug|Any CPU = Debug|Any CPU
		Release|Any CPU = Release|Any CPU
	EndGlobalSection
	GlobalSection(ProjectConfigurationPlatforms) = postSolution
		{75E13703-CCDD-4052-A3EE-F5A4B79DB385}.Debug|Any CPU.ActiveCfg = Debug|Any CPU
		{75E13703-CCDD-4052-A3EE-F5A4B79DB385}.Debug|Any CPU.Build.0 = Debug|Any CPU
		{75E13703-CCDD-4052-A3EE-F5A4B79DB385}.Release|Any CPU.ActiveCfg = Release|Any CPU
		{75E13703-CCDD-4052-A3EE-F5A4B79DB385}.Release|Any CPU.Build.0 = Release|Any CPU
	EndGlobalSection
	GlobalSection(SolutionProperties) = preSolution
		HideSolutionNode = FALSE
	EndGlobalSection
	GlobalSection(ExtensibilityGlobals) = postSolution
		SolutionGuid = {0DEBA812-A463-4C35-9154-97A10A8287CF}
	EndGlobalSection
EndGlobal
